
Microsoft Visual Studio Solution File, Format Version 12.00
# Visual Studio Version 17
VisualStudioVersion = 17.8.34601.278
MinimumVisualStudioVersion = 10.0.40219.1
Project("{FAE04EC0-301F-11D3-BF4B-00C04F79EFBC}") = "LOVE", "HeartDemo\LOVE.csproj", "{F98CB25A-5E28-476F-8812-32D0BCEDAC1B}"
EndProject
Global
	GlobalSection(SolutionConfigurationPlatforms) = preSolution
		Debug|Any CPU = Debug|Any CPU
		Release|Any CPU = Release|Any CPU
	EndGlobalSection
	GlobalSection(ProjectConfigurationPlatforms) = postSolution
		{F98CB25A-5E28-476F-8812-32D0BCEDAC1B}.Debug|Any CPU.ActiveCfg = Debug|Any CPU
		{F98CB25A-5E28-476F-8812-32D0BCEDAC1B}.Debug|Any CPU.Build.0 = Debug|Any CPU
		{F98CB25A-5E28-476F-8812-32D0BCEDAC1B}.Release|Any CPU.ActiveCfg = Release|Any CPU
		{F98CB25A-5E28-476F-8812-32D0BCEDAC1B}.Release|Any CPU.Build.0 = Release|Any CPU
	EndGlobalSection
	GlobalSection(SolutionProperties) = preSolution
		HideSolutionNode = FALSE
	EndGlobalSection
	GlobalSection(ExtensibilityGlobals) = postSolution
		SolutionGuid = {FA50F2A5-7EB6-48E5-A8E4-C04147F6DB9F}
	EndGlobalSection
EndGlobal
